
Microsoft Visual Studio Solution File, Format Version 12.00
# Visual Studio 15
VisualStudioVersion = 15.0.27703.2018
MinimumVisualStudioVersion = 10.0.40219.1
Project("{9A19103F-16F7-4668-BE54-9A1E7A4F7556}") = "AircoController", "AircoController\AircoController.csproj", "{14193352-A991-4A56-8909-0105F8863804}"
EndProject
Project("{9A19103F-16F7-4668-BE54-9A1E7A4F7556}") = "AircoController.ConsoleApp", "AircoController.ConsoleApp\AircoController.ConsoleApp.csproj", "{EDCFF12F-4928-46E9-AD86-05AC4B55E800}"
EndProject
Global
	GlobalSection(SolutionConfigurationPlatforms) = preSolution
		Debug|Any CPU = Debug|Any CPU
		Release|Any CPU = Release|Any CPU
	EndGlobalSection
	GlobalSection(ProjectConfigurationPlatforms) = postSolution
		{14193352-A991-4A56-8909-0105F8863804}.Debug|Any CPU.ActiveCfg = Debug|Any CPU
		{14193352-A991-4A56-8909-0105F8863804}.Debug|Any CPU.Build.0 = Debug|Any CPU
		{14193352-A991-4A56-8909-0105F8863804}.Release|Any CPU.ActiveCfg = Release|Any CPU
		{14193352-A991-4A56-8909-0105F8863804}.Release|Any CPU.Build.0 = Release|Any CPU
		{EDCFF12F-4928-46E9-AD86-05AC4B55E800}.Debug|Any CPU.ActiveCfg = Debug|Any CPU
		{EDCFF12F-4928-46E9-AD86-05AC4B55E800}.Debug|Any CPU.Build.0 = Debug|Any CPU
		{EDCFF12F-4928-46E9-AD86-05AC4B55E800}.Release|Any CPU.ActiveCfg = Release|Any CPU
		{EDCFF12F-4928-46E9-AD86-05AC4B55E800}.Release|Any CPU.Build.0 = Release|Any CPU
	EndGlobalSection
	GlobalSection(SolutionProperties) = preSolution
		HideSolutionNode = FALSE
	EndGlobalSection
	GlobalSection(ExtensibilityGlobals) = postSolution
		SolutionGuid = {86C38364-8202-48B0-8251-6565B82B11F2}
	EndGlobalSection
EndGlobal
